{
  "lockfileVersion": 1,
  "configVersion": 1,
  "workspaces": {
    "": {
      "name": "json-benchmark",
      "dependencies": {
        "@msgpack/msgpack": "^3.1.3",
        "avsc": "^5.7.9",
        "bser": "^2.1.1",
        "bson": "^7.3.3",
        "fast-json-stringify": "^7.0.1",
        "js-binary": "^1.2.0",
        "msgpackr": "^2.1.0",
        "protobufjs": "^8.8.0",
      },
      "devDependencies": {
        "@biomejs/biome": "^2.5.15",
        "lefthook": "^2.1.15",
        "oxlint": "^1.86.0",
        "rumdl": "^0.2.78",
      },
    },
  },
  "trustedDependencies": [
    "msgpackr-extract",
    "protobufjs",
  ],
  "packages": {
    "@biomejs/biome": ["@biomejs/biome@2.5.15", "", { "optionalDependencies": { "@biomejs/cli-darwin-arm64": "2.5.15", "@biomejs/cli-darwin-x64": "2.5.15", "@biomejs/cli-linux-arm64": "2.5.15", "@biomejs/cli-linux-arm64-musl": "2.5.15", "@biomejs/cli-linux-x64": "2.5.15", "@biomejs/cli-linux-x64-musl": "2.5.15", "@biomejs/cli-win32-arm64": "2.5.15", "@biomejs/cli-win32-x64": "2.5.15" }, "bin": { "biome": "bin/biome" } }, "sha512-WZTW4slm/pdkh92K6t/3aEN++44JD1PQ7squ7RCMLI1flHGl43DVOIGXvCjHiZgBMO1V4uYxoFNtqrIA4qGuIQ=="],

    "@biomejs/cli-darwin-arm64": ["@biomejs/cli-darwin-arm64@2.5.15", "", { "os": "darwin", "cpu": "arm64" }, "sha512-BZVzFhJ/mUvTLMYbc9x6el0o2Uv5zP7bACYyhFb6fSc1giroXm7PL0a5KqMJ9F+/BnkYRjagD/ROSDVOZ6eapg=="],

    "@biomejs/cli-darwin-x64": ["@biomejs/cli-darwin-x64@2.5.15", "", { "os": "darwin", "cpu": "x64" }, "sha512-V5Kw63V+fVGNFhFrizDxMbGXAzZCh8kYzJpy3GI6gTapWDg7bZK9oYC9CbVgQSEdTnupz0U5Efz8Ev+5vdBBXw=="],

    "@biomejs/cli-linux-arm64": ["@biomejs/cli-linux-arm64@2.5.15", "", { "os": "linux", "cpu": "arm64" }, "sha512-XaG7P7eeSLYETD3K9grfB0mQmpLQZjygdbsxekWBJAg4am79fGAtRpfRyNnTvXB2fZFNnJZG3nXm7HBat0+VUw=="],

    "@biomejs/cli-linux-arm64-musl": ["@biomejs/cli-linux-arm64-musl@2.5.15", "", { "os": "linux", "cpu": "arm64" }, "sha512-tGzZUTcJCV7tj5Adh/Gn6nR4MycqA3iohq2LEcrarAgRBkU0h0OKd2UzCRkOsOYOuUGaUJb4YmqRqyy2feGGSw=="],

    "@biomejs/cli-linux-x64": ["@biomejs/cli-linux-x64@2.5.15", "", { "os": "linux", "cpu": "x64" }, "sha512-xE4iEW/3LqlYj9GFgGrFsFSH51dEEpUbYWBfeOv0q87WkUDxK2o/HhreSb7qMJqck70RVM6Lg96hgedcAYcOkA=="],

    "@biomejs/cli-linux-x64-musl": ["@biomejs/cli-linux-x64-musl@2.5.15", "", { "os": "linux", "cpu": "x64" }, "sha512-IlxUcyxilVGPsE008x13pWdkTbU3nQpP2i9b5UrbOYj6goBkKsRX1XB7yJLcV+O1H9LBchIIm4adOaVLZBX0ZQ=="],

    "@biomejs/cli-win32-arm64": ["@biomejs/cli-win32-arm64@2.5.15", "", { "os": "win32", "cpu": "arm64" }, "sha512-2kPKzhNlm8C+Ru3GcO0Me2ODkCBLrVOUNuyi84RJyWDVKAA4+Kjj3jMjL938lF6BRfvltC4vB2nPY9SvN51Ovg=="],

    "@biomejs/cli-win32-x64": ["@biomejs/cli-win32-x64@2.5.15", "", { "os": "win32", "cpu": "x64" }, "sha512-yAzh4UqEImV6Hcy0zjUqNfJAsUhoD64FBQCdTG8Md/Z2wQeVP/ZmJ3XRYAs1g8J9fjTFyl2fCtc5FB5til47+g=="],

    "@fastify/merge-json-schemas": ["@fastify/merge-json-schemas@0.2.1", "", { "dependencies": { "dequal": "^2.0.3" } }, "sha512-OA3KGBCy6KtIvLf8DINC5880o5iBlDX4SxzLQS8HorJAbqluzLRn80UXU0bxZn7UOFhFgpRJDasfwn9nG4FG4A=="],

    "@msgpack/msgpack": ["@msgpack/msgpack@3.1.3", "", {}, "sha512-47XIizs9XZXvuJgoaJUIE2lFoID8ugvc0jzSHP+Ptfk8nTbnR8g788wv48N03Kx0UkAv559HWRQ3yzOgzlRNUA=="],

    "@msgpackr-extract/msgpackr-extract-darwin-arm64": ["@msgpackr-extract/msgpackr-extract-darwin-arm64@3.0.4", "", { "os": "darwin", "cpu": "arm64" }, "sha512-LCkGo6JDfaBhgST7UpPWgNgLINpcpabaHfyz5OBx75nUYxBsaEPxjnyNjWpeb/xBup/682QnBfRBy2/LvPutZQ=="],

    "@msgpackr-extract/msgpackr-extract-darwin-x64": ["@msgpackr-extract/msgpackr-extract-darwin-x64@3.0.4", "", { "os": "darwin", "cpu": "x64" }, "sha512-zExlW9zUJKZH/tOtVMttwjKa4Xm/3KcNjnE3dPN92uCktwavMxpgCA3MoJK/DOnTWsQgo224OaST27/mPNAf+w=="],

    "@msgpackr-extract/msgpackr-extract-linux-arm": ["@msgpackr-extract/msgpackr-extract-linux-arm@3.0.4", "", { "os": "linux", "cpu": "arm" }, "sha512-Tg3yX65f5GbtXLkrYEHE5oibZG9epyYWas7FogTTEJeDEF9JlXJzKgXaNhT3UXlTOeA+AfZpYZYZ0uPj7Cfquw=="],

    "@msgpackr-extract/msgpackr-extract-linux-arm64": ["@msgpackr-extract/msgpackr-extract-linux-arm64@3.0.4", "", { "os": "linux", "cpu": "arm64" }, "sha512-dgX0P/9wGPJeHFBG+ZmhgE6bmtMt7NP5CRBGyyktpopdk/mW4POnrpQsSLtKI1dwpc+pPLuXHDh6vvskyQE/sw=="],

    "@msgpackr-extract/msgpackr-extract-linux-x64": ["@msgpackr-extract/msgpackr-extract-linux-x64@3.0.4", "", { "os": "linux", "cpu": "x64" }, "sha512-8TNXMEjJc3QEy7R/x1INhgiU+XakDAFUzBhaz7+Rbrs8NH5UQeHQxxmzsSBJGyV6I1jW79undiQm8tOI+D+8FQ=="],

    "@msgpackr-extract/msgpackr-extract-win32-x64": ["@msgpackr-extract/msgpackr-extract-win32-x64@3.0.4", "", { "os": "win32", "cpu": "x64" }, "sha512-CmCXPQrkbwExx3j946/PtHWHbYJiCRBRDl4BlkRQcJB/YOwQxJRTpoo7aTsortjgoJ1x7opzTSxn7C+ASSLVjQ=="],

    "@oxlint/binding-android-arm-eabi": ["@oxlint/binding-android-arm-eabi@1.86.0", "", { "os": "android", "cpu": "arm" }, "sha512-63Ozq6yQn79B2UxjSZ9huJmI+3/ZPI7hxAe6TyFh9oQL447KnIMoffOdtog+h4KILbQr61ZRvFPW5gYbAUgpgQ=="],

    "@oxlint/binding-android-arm64": ["@oxlint/binding-android-arm64@1.86.0", "", { "os": "android", "cpu": "arm64" }, "sha512-JdLGp44phbf/0Du236Dt06yfK6Qw8xhTFeDvHJdjk167r59OfP5+BL31mgMYVnswS8e+j6tFuccSY0QDC/lgCw=="],

    "@oxlint/binding-darwin-arm64": ["@oxlint/binding-darwin-arm64@1.86.0", "", { "os": "darwin", "cpu": "arm64" }, "sha512-h+vkOr4ik6KLFCXdtNVEj9xfnXfNUpPoF95QjORdhiSpLqQePzcN81kGHjAgsw1/G7WBWK5KsFKbI2UK8EyzMA=="],

    "@oxlint/binding-darwin-x64": ["@oxlint/binding-darwin-x64@1.86.0", "", { "os": "darwin", "cpu": "x64" }, "sha512-wbglRuH5eKsp68keTOOeKDHU1astWSRYFsh2bwKQTAPb44rD6kVgzYI1ZrAJRTc6/7PH55ZXFCQx0rQXrj0UdA=="],

    "@oxlint/binding-freebsd-x64": ["@oxlint/binding-freebsd-x64@1.86.0", "", { "os": "freebsd", "cpu": "x64" }, "sha512-yTQ7QSOlNfQsrfbeVweTiegQJLKPjUKgXp/JpGiFzza6Hp29S9LAoH77TM3L0RjK39iQRZB5lk5iq2t241Mfag=="],

    "@oxlint/binding-linux-arm-gnueabihf": ["@oxlint/binding-linux-arm-gnueabihf@1.86.0", "", { "os": "linux", "cpu": "arm" }, "sha512-QYJGy0E2Tv8GAayyBIeHFTwQb8u+zrvrOYrifuDGZDr9ad5XsDhiMScpZymhS9fwWjqrgG2ZUwT4vpY0ISqp4Q=="],

    "@oxlint/binding-linux-arm-musleabihf": ["@oxlint/binding-linux-arm-musleabihf@1.86.0", "", { "os": "linux", "cpu": "arm" }, "sha512-oQo83CafLT8p3qh0AGkN0tSUIh5Hm63mfDsoqUmBQUBnSZLNBAbyRaAftfGY5a0cKZ34dG6jAtMYgcY5kZqt5g=="],

    "@oxlint/binding-linux-arm64-gnu": ["@oxlint/binding-linux-arm64-gnu@1.86.0", "", { "os": "linux", "cpu": "arm64" }, "sha512-EM6wy5c2UM12qPb7iDJDBAZvHyfEJGH6iosFgaFiaRZpirz99//EHcUyD2KAskz07x1TULuiAtsojf4nvWWksw=="],

    "@oxlint/binding-linux-arm64-musl": ["@oxlint/binding-linux-arm64-musl@1.86.0", "", { "os": "linux", "cpu": "arm64" }, "sha512-vCiUQb9ZNzZalxYRU4mlZwUqT5f+c7Sk9DwUOplWHtik3Dl4r3DVnUB5tBeRuTAUe6MUVCTylNW7TkkN8J1oTw=="],

    "@oxlint/binding-linux-ppc64-gnu": ["@oxlint/binding-linux-ppc64-gnu@1.86.0", "", { "os": "linux", "cpu": "ppc64" }, "sha512-T0AzE89yjTYmOhB/hb6i+rWTpe2mYt+xiguBhs9DEPIJTZ1H8OYqsE4VxJHHw2Wlq8Mztwvp2P8NV87ZOuhPRw=="],

    "@oxlint/binding-linux-riscv64-gnu": ["@oxlint/binding-linux-riscv64-gnu@1.86.0", "", { "os": "linux", "cpu": "none" }, "sha512-s49r0K2f5Oc7fJoMUO1WkdhYK5Ob79uYRwWQ/XNoGysaOq3RUGmGUbHSuXiyydTTA+P9xEdDEnnlZVXiaSJhlw=="],

    "@oxlint/binding-linux-riscv64-musl": ["@oxlint/binding-linux-riscv64-musl@1.86.0", "", { "os": "linux", "cpu": "none" }, "sha512-JIa2tYR8ayb3nvcMSZzn4O/xTy13S7MHllu7cBD+B5qDQXXSRy/Vwk1aNpiTjZmBJGwKCHOy/NvnY5Xcwg27uQ=="],

    "@oxlint/binding-linux-s390x-gnu": ["@oxlint/binding-linux-s390x-gnu@1.86.0", "", { "os": "linux", "cpu": "s390x" }, "sha512-XwXMyBsAuWZkhZU74UNcfQKr1CJJAKnS80dZzOnjl6A4fKcf91IjFgidegQugMHA5SN8ulwDXEDV1yPntjXgQQ=="],

    "@oxlint/binding-linux-x64-gnu": ["@oxlint/binding-linux-x64-gnu@1.86.0", "", { "os": "linux", "cpu": "x64" }, "sha512-C1WjukSyMnr66b+w1/tV8RFVv6d9v0MzDf4p9IxVXknqgmTHBgZh1pccN1eHzFr0b9Tbb3OXoPsAAdAuHAQfeA=="],

    "@oxlint/binding-linux-x64-musl": ["@oxlint/binding-linux-x64-musl@1.86.0", "", { "os": "linux", "cpu": "x64" }, "sha512-ap6KLmvC38c6MdYzsIh25cXQupqYvjd37tMNftzrX1DCtkX1Gcf2B+S2B17dD4lKa5c5gJog7DQJyDo82PBKyw=="],

    "@oxlint/binding-openharmony-arm64": ["@oxlint/binding-openharmony-arm64@1.86.0", "", { "os": "none", "cpu": "arm64" }, "sha512-996Q9w/2GLwNyy5Djs39Jt09aFlr4b7TPhoj7dvo5FHmcyiF68nPz73HNc5UAYKIYeK+M9JzPQ4Wg1r1dXvP6A=="],

    "@oxlint/binding-win32-arm64-msvc": ["@oxlint/binding-win32-arm64-msvc@1.86.0", "", { "os": "win32", "cpu": "arm64" }, "sha512-9uTCHYTknNkug5+46ViSoUMuOuGWK61D87QnblU6CXaWKJC630Z7dbls61vdHxya/cR2ycQZ6Mm6ckgF6Cag5g=="],

    "@oxlint/binding-win32-ia32-msvc": ["@oxlint/binding-win32-ia32-msvc@1.86.0", "", { "os": "win32", "cpu": "ia32" }, "sha512-a47ga7EKVfMU8rO0i1m3mGwfNRj3FhQyt1d/ukO/E9u1HHF3KpR3tyb3VhuJBGEVPF8uR4exSyHUyx7xbE+uxw=="],

    "@oxlint/binding-win32-x64-msvc": ["@oxlint/binding-win32-x64-msvc@1.86.0", "", { "os": "win32", "cpu": "x64" }, "sha512-az4dzifCRzES1crwu6pDFXzJTIanrdxXFL9TbiJWrx9LKcuacbR83aPvxDA1LKLNswi/RoqitC7Afcflhu3zBQ=="],

    "@rumdl/cli-darwin-arm64": ["@rumdl/cli-darwin-arm64@0.2.78", "", { "os": "darwin", "cpu": "arm64" }, "sha512-wuY7EL6Eda+2LyrOROr1OsenfxASDX/Zo8yel6HTmulhpUmjR1G4Bfr45KRii4pSr1e+WlGAgOejHY+AVT7suw=="],

    "@rumdl/cli-darwin-x64": ["@rumdl/cli-darwin-x64@0.2.78", "", { "os": "darwin", "cpu": "x64" }, "sha512-L1Zz8/0i0qwkncx3/SirHsTQDgqav4R91wp9EFVcp54mKxbpOejZm14/dCzJ0LRzypkBRNECmCYG4H86g6gTiA=="],

    "@rumdl/cli-linux-arm64": ["@rumdl/cli-linux-arm64@0.2.78", "", { "os": "linux", "cpu": "arm64" }, "sha512-j3r4Fe8+iydQSLUlko5apW4bvLITvD+Kqp848kZE7NzGhgKPRTlm9nFqrpQnZ2dBWjBCxa5Lj4b3O7BjdWRo1Q=="],

    "@rumdl/cli-linux-arm64-musl": ["@rumdl/cli-linux-arm64-musl@0.2.78", "", { "os": "linux", "cpu": "arm64" }, "sha512-1zRG9dOGiasBR4R8/qAoMzVRBjT9yeB8ysCoXemJHM5KiRJidw6NM336BOkAT4Ujj/FWgZcpCLE/iQBvtItnmw=="],

    "@rumdl/cli-linux-x64": ["@rumdl/cli-linux-x64@0.2.78", "", { "os": "linux", "cpu": "x64" }, "sha512-zkrnqmxV+/eBDVg98TDPW3ZSL8CfXjwm1QsOO/vEREa5cgbE03iUP1D/UJE3z4Rypv2GRcnRiOtgsuhhebOEgA=="],

    "@rumdl/cli-linux-x64-musl": ["@rumdl/cli-linux-x64-musl@0.2.78", "", { "os": "linux", "cpu": "x64" }, "sha512-E477aK9qrunFkE4XTNZLrfz5BU4KS+W13VnjTv5Qh8fdxlAVxlh6aWoYB7BzbzXQSEgNe/yi1u3r3EHcwgP+dw=="],

    "@rumdl/cli-win32-x64": ["@rumdl/cli-win32-x64@0.2.78", "", { "os": "win32", "cpu": "x64" }, "sha512-4DaBXu3tFVNc/2eflJADguC4Hf8ookxYh3ie7XsLFxYEJrfXeGqD1j1ZIVXg+dZDG22+R1VEwFT6JsCOG3ntWA=="],

    "ajv": ["ajv@8.18.0", "", { "dependencies": { "fast-deep-equal": "^3.1.3", "fast-uri": "^3.0.1", "json-schema-traverse": "^1.0.0", "require-from-string": "^2.0.2" } }, "sha512-PlXPeEWMXMZ7sPYOHqmDyCJzcfNrUr3fGNKtezX14ykXOEIvyK81d+qydx89KY5O71FKMPaQ2vBfBFI5NHR63A=="],

    "ajv-formats": ["ajv-formats@3.0.1", "", { "dependencies": { "ajv": "^8.0.0" } }, "sha512-8iUql50EUR+uUcdRQ3HDqa6EVyo3docL8g5WJ3FNcWmu62IbkGUue/pEyLBW8VGKKucTPgqeks4fIU1DA4yowQ=="],

    "avsc": ["avsc@5.7.9", "", {}, "sha512-yOA4wFeI7ET3v32Di/sUybQ+ttP20JHSW3mxLuNGeO0uD6PPcvLrIQXSvy/rhJOWU5JrYh7U4OHplWMmtAtjMg=="],

    "bser": ["bser@2.1.1", "", { "dependencies": { "node-int64": "^0.4.0" } }, "sha512-gQxTNE/GAfIIrmHLUE3oJyp5FO6HRBfhjnw4/wMmA63ZGDJnWBmgY/lyQBpnDUkGmAhbSe39tx2d/iTOAfglwQ=="],

    "bson": ["bson@7.3.3", "", {}, "sha512-oz3LwE3qGEhTCSyhzQRLY3Bj1NLOsjFMf6tcmY5J8M+3R7EVcmoBfSHWvjUK3yXCLDUsGpIuB3aQL4nDZ1EV/g=="],

    "dequal": ["dequal@2.0.3", "", {}, "sha512-0je+qPKHEMohvfRTCEo3CrPG6cAzAYgmzKyxRiYSSDkS6eGJdyVJm7WaYA5ECaAD9wLB2T4EEeymA5aFVcYXCA=="],

    "detect-libc": ["detect-libc@2.1.2", "", {}, "sha512-Btj2BOOO83o3WyH59e8MgXsxEQVcarkUOpEYrubB0urwnN10yQ364rsiByU11nZlqWYZm05i/of7io4mzihBtQ=="],

    "fast-deep-equal": ["fast-deep-equal@3.1.3", "", {}, "sha512-f3qQ9oQy9j2AhBe/H9VC91wLmKBCCU/gDOnKNAYG5hswO7BLKj09Hc5HYNz9cGI++xlpDCIgDaitVs03ATR84Q=="],

    "fast-json-stringify": ["fast-json-stringify@7.0.1", "", { "dependencies": { "@fastify/merge-json-schemas": "^0.2.0", "ajv": "^8.12.0", "ajv-formats": "^3.0.1", "fast-uri": "^4.0.0", "json-schema-ref-resolver": "^3.0.0", "rfdc": "^1.2.0" } }, "sha512-eRSayARSbbwlBjpP4vnTTIRD5QPcIrmihPxDeN1DtKnHPg66UuJLx+8hlK1kaFdjvzyQ/dzALoi4vwAQ+T+iZA=="],

    "fast-uri": ["fast-uri@4.2.1", "", {}, "sha512-TmHQgewjHtMq1E5QKA0tOE0yeYGQs25KZC/ziJpubRtWI15W92e6vPFydWOeZBVROSHBYw/QhD9d5OefdD6LDg=="],

    "js-binary": ["js-binary@1.2.0", "", {}, "sha512-llsM9S4L5GR9BLH+5/z/7oAqKg0lRccUwBDaSyTiB8DZi3TJ97Jx7C90Xy0FdPec93a7VVmh2nMhTTDb1FjFDQ=="],

    "json-schema-ref-resolver": ["json-schema-ref-resolver@3.0.0", "", { "dependencies": { "dequal": "^2.0.3" } }, "sha512-hOrZIVL5jyYFjzk7+y7n5JDzGlU8rfWDuYyHwGa2WA8/pcmMHezp2xsVwxrebD/Q9t8Nc5DboieySDpCp4WG4A=="],

    "json-schema-traverse": ["json-schema-traverse@1.0.0", "", {}, "sha512-NM8/P9n3XjXhIZn1lLhkFaACTOURQXjWhV4BA/RnOv8xvgqtqpAX9IO4mRQxSx1Rlo4tqzeqb0sOlruaOy3dug=="],

    "lefthook": ["lefthook@2.1.15", "", { "optionalDependencies": { "lefthook-darwin-arm64": "2.1.15", "lefthook-darwin-x64": "2.1.15", "lefthook-freebsd-arm64": "2.1.15", "lefthook-freebsd-x64": "2.1.15", "lefthook-linux-arm64": "2.1.15", "lefthook-linux-x64": "2.1.15", "lefthook-openbsd-arm64": "2.1.15", "lefthook-openbsd-x64": "2.1.15", "lefthook-windows-arm64": "2.1.15", "lefthook-windows-x64": "2.1.15" }, "bin": { "lefthook": "bin/index.js" } }, "sha512-l/BSlOZBou3zLDuSIV8V+kbNyC6UiFCACVHu8dVUCDxH5+8qZXmJr8iROruI/7hv6W7c3sVlVT+6+BpVhGZRmA=="],

    "lefthook-darwin-arm64": ["lefthook-darwin-arm64@2.1.15", "", { "os": "darwin", "cpu": "arm64" }, "sha512-6sNtlNsoeahxZySHbMMijFS8qB5nxZjMohO5t9x4UoM03sKAwXL++vR196mKOF942YdvkuDrwd+qyxfAU6QmWg=="],

    "lefthook-darwin-x64": ["lefthook-darwin-x64@2.1.15", "", { "os": "darwin", "cpu": "x64" }, "sha512-B2upzVBV/9adKe0fGUO4JCrgx/iKx3qC6PQ2N3Qrok9yL5wDx+AZ6L5GNNgAKUbUWP6XZywyZZ/DFTPLOGxA/Q=="],

    "lefthook-freebsd-arm64": ["lefthook-freebsd-arm64@2.1.15", "", { "os": "freebsd", "cpu": "arm64" }, "sha512-7PbO32jhKKHqRdD6DIucmQrZ5nHlXwhxHdqy6CxTH2wNNPlvjXPrMqb6W0SpHuOLS0dWdz77ZVJsOvwfH139AA=="],

    "lefthook-freebsd-x64": ["lefthook-freebsd-x64@2.1.15", "", { "os": "freebsd", "cpu": "x64" }, "sha512-0XEgTQomWVV/uw4v5A/OMSfRk/9MRu3OBgTX1xF2QvUrb+fCEglkrJW299vSqndKn53MkUtyoIntz0ajw4PJlA=="],

    "lefthook-linux-arm64": ["lefthook-linux-arm64@2.1.15", "", { "os": "linux", "cpu": "arm64" }, "sha512-HfgGoLtzqop68Zo9FDdP7rozFc+hv3xf2s4fWsyH50SbQLNgoKz/9vsneZG7n8bQ5YYGR/up0H9D8WQ7pou01g=="],

    "lefthook-linux-x64": ["lefthook-linux-x64@2.1.15", "", { "os": "linux", "cpu": "x64" }, "sha512-oyhZn6koNmXvSlSQXeTL1Zmxmlp1ysInjZCETwfAhjGb5r42HX2coaPzO0e6dvoP6bqEO8cyWoqqj+FYVz9nig=="],

    "lefthook-openbsd-arm64": ["lefthook-openbsd-arm64@2.1.15", "", { "os": "openbsd", "cpu": "arm64" }, "sha512-/hF3ap8CUqD2whU127pesD0x0CLOymDmtR5NR5jbNrT/BryjxlL6YL7HL3KB1Xz3MZwBqYeLIceqFE9/Gc53xQ=="],

    "lefthook-openbsd-x64": ["lefthook-openbsd-x64@2.1.15", "", { "os": "openbsd", "cpu": "x64" }, "sha512-IljStK5gOS8oQPxCsHNDoHeD8vSCDHFuHWtJfRbYWVtNMEA9/2shtIKHswFWQBAxltgt4/i/lN86rErKdDoIug=="],

    "lefthook-windows-arm64": ["lefthook-windows-arm64@2.1.15", "", { "os": "win32", "cpu": "arm64" }, "sha512-S1HIhsM0RZua8fQlHzXFrF0CpA/eo2/UYVUAqU+pJ/3IBAq0ZpWG4ZzfrQiSSBbcG9LB4tJgqiJVtumQKO+ZgA=="],

    "lefthook-windows-x64": ["lefthook-windows-x64@2.1.15", "", { "os": "win32", "cpu": "x64" }, "sha512-cp4ZhMYpX9khKw+fu0JEskq0Aeo1csREkb4WTMmJaEL7KTt+Lpp5zzSPPa8NGtpcQSKUo+ZXYrtqzpxYpPdt0g=="],

    "long": ["long@5.3.2", "", {}, "sha512-mNAgZ1GmyNhD7AuqnTG3/VQ26o760+ZYBPKjPvugO8+nLbYfX6TVpJPseBvopbdY+qpZ/lKUnmEc1LeZYS3QAA=="],

    "msgpackr": ["msgpackr@2.1.0", "", { "optionalDependencies": { "msgpackr-extract": "^3.0.4" } }, "sha512-p/pBCVO63CsvvpkomUnNNag6+n38rULuDA6HHe70o2gtC8ODI52foF/4ko2qQcp6OiErJXTmrZeXmsGGHsIQNQ=="],

    "msgpackr-extract": ["msgpackr-extract@3.0.4", "", { "dependencies": { "node-gyp-build-optional-packages": "5.2.2" }, "optionalDependencies": { "@msgpackr-extract/msgpackr-extract-darwin-arm64": "3.0.4", "@msgpackr-extract/msgpackr-extract-darwin-x64": "3.0.4", "@msgpackr-extract/msgpackr-extract-linux-arm": "3.0.4", "@msgpackr-extract/msgpackr-extract-linux-arm64": "3.0.4", "@msgpackr-extract/msgpackr-extract-linux-x64": "3.0.4", "@msgpackr-extract/msgpackr-extract-win32-x64": "3.0.4" }, "bin": { "download-msgpackr-prebuilds": "bin/download-prebuilds.js" } }, "sha512-4kmO/MdyUIkLIvTPr8VHLil4AtoKIoniWPIEk5+CDy0xnWC84azhSFmuJ7PxZdsYtiP5kEeQsORAVIeMgxT+Hw=="],

    "node-gyp-build-optional-packages": ["node-gyp-build-optional-packages@5.2.2", "", { "dependencies": { "detect-libc": "^2.0.1" }, "bin": { "node-gyp-build-optional-packages": "bin.js", "node-gyp-build-optional-packages-optional": "optional.js", "node-gyp-build-optional-packages-test": "build-test.js" } }, "sha512-s+w+rBWnpTMwSFbaE0UXsRlg7hU4FjekKU4eyAih5T8nJuNZT1nNsskXpxmeqSK9UzkBl6UgRlnKc8hz8IEqOw=="],

    "node-int64": ["node-int64@0.4.0", "", {}, "sha512-O5lz91xSOeoXP6DulyHfllpq+Eg00MWitZIbtPfoSEvqIHdl5gfcY6hYzDWnj0qD5tz52PI08u9qUvSVeUBeHw=="],

    "oxlint": ["oxlint@1.86.0", "", { "optionalDependencies": { "@oxlint/binding-android-arm-eabi": "1.86.0", "@oxlint/binding-android-arm64": "1.86.0", "@oxlint/binding-darwin-arm64": "1.86.0", "@oxlint/binding-darwin-x64": "1.86.0", "@oxlint/binding-freebsd-x64": "1.86.0", "@oxlint/binding-linux-arm-gnueabihf": "1.86.0", "@oxlint/binding-linux-arm-musleabihf": "1.86.0", "@oxlint/binding-linux-arm64-gnu": "1.86.0", "@oxlint/binding-linux-arm64-musl": "1.86.0", "@oxlint/binding-linux-ppc64-gnu": "1.86.0", "@oxlint/binding-linux-riscv64-gnu": "1.86.0", "@oxlint/binding-linux-riscv64-musl": "1.86.0", "@oxlint/binding-linux-s390x-gnu": "1.86.0", "@oxlint/binding-linux-x64-gnu": "1.86.0", "@oxlint/binding-linux-x64-musl": "1.86.0", "@oxlint/binding-openharmony-arm64": "1.86.0", "@oxlint/binding-win32-arm64-msvc": "1.86.0", "@oxlint/binding-win32-ia32-msvc": "1.86.0", "@oxlint/binding-win32-x64-msvc": "1.86.0" }, "peerDependencies": { "oxlint-tsgolint": ">=7.0.2003", "vite-plus": "*" }, "optionalPeers": ["oxlint-tsgolint", "vite-plus"], "bin": { "oxlint": "bin/oxlint" } }, "sha512-og0lhgvZfgGF//gOOmZXvtr+GmBbAGEnbEhv/QUg7UW2Wi4wHMnJbnMD+zuHgPdJxdklfgpPupdlAaAySyxrZg=="],

    "protobufjs": ["protobufjs@8.8.0", "", { "dependencies": { "long": "^5.3.2" } }, "sha512-N3xhQ5yyBx3vQq4gubBfASzYhJGNzeDbjqBpu61g7UVylsN/qyffU96TKWD3GbbLOKF82VGNRNvv1+BFgE31Eg=="],

    "require-from-string": ["require-from-string@2.0.2", "", {}, "sha512-Xf0nWe6RseziFMu+Ap9biiUbmplq6S9/p+7w7YXP/JBHhrUDDUhwa+vANyubuqfZWTveU//DYVGsDG7RKL/vEw=="],

    "rfdc": ["rfdc@1.4.1", "", {}, "sha512-q1b3N5QkRUWUl7iyylaaj3kOpIT0N2i9MqIEQXP73GVsN9cw3fdx8X63cEmWhJGi2PPCF23Ijp7ktmd39rawIA=="],

    "rumdl": ["rumdl@0.2.78", "", { "optionalDependencies": { "@rumdl/cli-darwin-arm64": "0.2.78", "@rumdl/cli-darwin-x64": "0.2.78", "@rumdl/cli-linux-arm64": "0.2.78", "@rumdl/cli-linux-arm64-musl": "0.2.78", "@rumdl/cli-linux-x64": "0.2.78", "@rumdl/cli-linux-x64-musl": "0.2.78", "@rumdl/cli-win32-x64": "0.2.78" }, "bin": { "rumdl": "bin/rumdl" } }, "sha512-nm40qNFQnrpYiLetMrsq14qaItqKT7cUoi7wtlTtx0n/3xWn6a7/ZwkgChvBbfP24cZQYz1n5IJ+DBPIrQQfFQ=="],

    "ajv/fast-uri": ["fast-uri@3.1.8", "", {}, "sha512-GZMtZUTNRpOVIECoXwLNZS5xUGE+mVNbTB8h/7Rwh2TFWcBQiPzTgyZi05BF9UMZKkLJv8XBRJTlU7zg8+ZfMg=="],
  }
}
